
Microsoft Visual Studio Solution File, Format Version 12.00
# Visual Studio 15
VisualStudioVersion = 15.0.28010.2050
MinimumVisualStudioVersion = 10.0.40219.1
Project("{FAE04EC0-301F-11D3-BF4B-00C04F79EFBC}") = "HumanMotionVisualiser", "HumanMotionVisualiser\HumanMotionVisualiser.csproj", "{18A7BBE7-9871-4D9E-A149-80DD83C39561}"
EndProject
Project("{2150E333-8FDC-42A3-9474-1A3956D46DE8}") = "Solution Items", "Solution Items", "{3D6C4D3D-9F58-45EE-9A2B-B36A41224C52}"
	ProjectSection(SolutionItems) = preProject
		README.md = README.md
	EndProjectSection
EndProject
Global
	GlobalSection(SolutionConfigurationPlatforms) = preSolution
		Debug|Any CPU = Debug|Any CPU
		Release|Any CPU = Release|Any CPU
	EndGlobalSection
	GlobalSection(ProjectConfigurationPlatforms) = postSolution
		{18A7BBE7-9871-4D9E-A149-80DD83C39561}.Debug|Any CPU.ActiveCfg = Debug|Any CPU
		{18A7BBE7-9871-4D9E-A149-80DD83C39561}.Debug|Any CPU.Build.0 = Debug|Any CPU
		{18A7BBE7-9871-4D9E-A149-80DD83C39561}.Release|Any CPU.ActiveCfg = Release|Any CPU
		{18A7BBE7-9871-4D9E-A149-80DD83C39561}.Release|Any CPU.Build.0 = Release|Any CPU
	EndGlobalSection
	GlobalSection(SolutionProperties) = preSolution
		HideSolutionNode = FALSE
	EndGlobalSection
	GlobalSection(ExtensibilityGlobals) = postSolution
		SolutionGuid = {22978392-F665-49FB-867B-1FCB15F46AEF}
	EndGlobalSection
EndGlobal
